{
    "name": "abap2ui5-layout-variant-management",
    "version": "1.0.0",
    "lockfileVersion": 3,
    "requires": true,
    "packages": {
        "": {
            "name": "abap2ui5-layout-variant-management",
            "version": "1.0.0",
            "license": "MIT",
            "devDependencies": {
                "@abaplint/cli": "^2.113.86"
            }
        },
        "node_modules/@abaplint/cli": {
            "version": "2.113.103",
            "resolved": "https://registry.npmjs.org/@abaplint/cli/-/cli-2.113.103.tgz",
            "integrity": "sha512-L5R0lNbef3eNsIFlU0DJpBbsYZi+Sq6ptcBkPV4jsEbj1Yk5lG5PNBN0OZYnQ4BcTeJ+CGNBqzcRxAXfB9CT7A==",
            "dev": true,
            "license": "MIT",
            "bin": {
                "abaplint": "abaplint"
            },
            "engines": {
                "node": ">=12.0.0"
            },
            "funding": {
                "url": "https://github.com/sponsors/larshp"
            }
        }
    }
}
